
Microsoft Visual Studio Solution File, Format Version 12.00
# Visual Studio Version 17
VisualStudioVersion = 17.13.35806.99
MinimumVisualStudioVersion = 10.0.40219.1
Project("{FAE04EC0-301F-11D3-BF4B-00C04F79EFBC}") = "HospitalManagament2.Web.API", "HospitalManagament2.Web.API.csproj", "{3EB6A698-3ED7-480E-8015-614E52BA071D}"
EndProject
Project("{FAE04EC0-301F-11D3-BF4B-00C04F79EFBC}") = "HospitalManagement2.Application", "..\HospitalManagement2.Application\HospitalManagement2.Application.csproj", "{5341584F-B21B-4E59-B124-C3D71BBA3AB9}"
EndProject
Project("{FAE04EC0-301F-11D3-BF4B-00C04F79EFBC}") = "HospitalManagement2.DAL", "..\HospitalManagement2.DAL\HospitalManagement2.DAL.csproj", "{CFB92582-F038-49EB-8E6F-564B11324FE7}"
EndProject
Project("{FAE04EC0-301F-11D3-BF4B-00C04F79EFBC}") = "HospitalManagement2.Domain", "..\HospitalManagement2.Domain\HospitalManagement2.Domain.csproj", "{B05A5624-7A10-4FAB-897A-9BF4030DEEB1}"
EndProject
Global
	GlobalSection(SolutionConfigurationPlatforms) = preSolution
		Debug|Any CPU = Debug|Any CPU
		Release|Any CPU = Release|Any CPU
	EndGlobalSection
	GlobalSection(ProjectConfigurationPlatforms) = postSolution
		{3EB6A698-3ED7-480E-8015-614E52BA071D}.Debug|Any CPU.ActiveCfg = Debug|Any CPU
		{3EB6A698-3ED7-480E-8015-614E52BA071D}.Debug|Any CPU.Build.0 = Debug|Any CPU
		{3EB6A698-3ED7-480E-8015-614E52BA071D}.Release|Any CPU.ActiveCfg = Release|Any CPU
		{3EB6A698-3ED7-480E-8015-614E52BA071D}.Release|Any CPU.Build.0 = Release|Any CPU
		{5341584F-B21B-4E59-B124-C3D71BBA3AB9}.Debug|Any CPU.ActiveCfg = Debug|Any CPU
		{5341584F-B21B-4E59-B124-C3D71BBA3AB9}.Debug|Any CPU.Build.0 = Debug|Any CPU
		{5341584F-B21B-4E59-B124-C3D71BBA3AB9}.Release|Any CPU.ActiveCfg = Release|Any CPU
		{5341584F-B21B-4E59-B124-C3D71BBA3AB9}.Release|Any CPU.Build.0 = Release|Any CPU
		{CFB92582-F038-49EB-8E6F-564B11324FE7}.Debug|Any CPU.ActiveCfg = Debug|Any CPU
		{CFB92582-F038-49EB-8E6F-564B11324FE7}.Debug|Any CPU.Build.0 = Debug|Any CPU
		{CFB92582-F038-49EB-8E6F-564B11324FE7}.Release|Any CPU.ActiveCfg = Release|Any CPU
		{CFB92582-F038-49EB-8E6F-564B11324FE7}.Release|Any CPU.Build.0 = Release|Any CPU
		{B05A5624-7A10-4FAB-897A-9BF4030DEEB1}.Debug|Any CPU.ActiveCfg = Debug|Any CPU
		{B05A5624-7A10-4FAB-897A-9BF4030DEEB1}.Debug|Any CPU.Build.0 = Debug|Any CPU
		{B05A5624-7A10-4FAB-897A-9BF4030DEEB1}.Release|Any CPU.ActiveCfg = Release|Any CPU
		{B05A5624-7A10-4FAB-897A-9BF4030DEEB1}.Release|Any CPU.Build.0 = Release|Any CPU
	EndGlobalSection
	GlobalSection(SolutionProperties) = preSolution
		HideSolutionNode = FALSE
	EndGlobalSection
	GlobalSection(ExtensibilityGlobals) = postSolution
		SolutionGuid = {684C0DFB-09E5-4E11-826C-9783E6DF1414}
	EndGlobalSection
EndGlobal
